// !$*UTF8*$!
{
	archiveVersion = 1;
	classes = {
	};
	objectVersion = 46;
	objects = {

/* Begin PBXBuildFile section */
		30C2B0B21D226A0B003DA1DF /* main.m in Sources */ = {isa = PBXBuildFile; fileRef = 30C2B0B11D226A0B003DA1DF /* main.m */; };
		30C2B0B81D226A0B003DA1DF /* ViewController.m in Sources */ = {isa = PBXBuildFile; fileRef = 30C2B0B71D226A0B003DA1DF /* ViewController.m */; };
		30C2B0BB1D226A0B003DA1DF /* Main.storyboard in Resources */ = {isa = PBXBuildFile; fileRef = 30C2B0B91D226A0B003DA1DF /* Main.storyboard */; };
		30C2B0BD1D226A0B003DA1DF /* Assets.xcassets in Resources */ = {isa = PBXBuildFile; fileRef = 30C2B0BC1D226A0B003DA1DF /* Assets.xcassets */; };
		30C2B0C01D226A0B003DA1DF /* LaunchScreen.storyboard in Resources */ = {isa = PBXBuildFile; fileRef = 30C2B0BE1D226A0B003DA1DF /* LaunchScreen.storyboard */; };
		30C2B0CA1D226DF0003DA1DF /* AppDelegate.m in Sources */ = {isa = PBXBuildFile; fileRef = 30C2B0C91D226DF0003DA1DF /* AppDelegate.m */; };
		30C2B0D01D227370003DA1DF /* DeviceTypes.m in Sources */ = {isa = PBXBuildFile; fileRef = 30C2B0CF1D227370003DA1DF /* DeviceTypes.m */; };
/* End PBXBuildFile section */

/* Begin PBXFileReference section */
		30C2B0AD1D226A0B003DA1DF /* DeviceType.app */ = {isa = PBXFileReference; explicitFileType = wrapper.application; includeInIndex = 0; path = DeviceType.app; sourceTree = BUILT_PRODUCTS_DIR; };
		30C2B0B11D226A0B003DA1DF /* main.m */ = {isa = PBXFileReference; lastKnownFileType = sourcecode.c.objc; path = main.m; sourceTree = "<group>"; };
		30C2B0B61D226A0B003DA1DF /* ViewController.h */ = {isa = PBXFileReference; lastKnownFileType = sourcecode.c.h; path = ViewController.h; sourceTree = "<group>"; };
		30C2B0B71D226A0B003DA1DF /* ViewController.m */ = {isa = PBXFileReference; lastKnownFileType = sourcecode.c.objc; path = ViewController.m; sourceTree = "<group>"; };
		30C2B0BA1D226A0B003DA1DF /* Base */ = {isa = PBXFileReference; lastKnownFileType = file.storyboard; name = Base; path = Base.lproj/Main.storyboard; sourceTree = "<group>"; };
		30C2B0BC1D226A0B003DA1DF /* Assets.xcassets */ = {isa = PBXFileReference; lastKnownFileType = folder.assetcatalog; path = Assets.xcassets; sourceTree = "<group>"; };
		30C2B0BF1D226A0B003DA1DF /* Base */ = {isa = PBXFileReference; lastKnownFileType = file.storyboard; name = Base; path = Base.lproj/LaunchScreen.storyboard; sourceTree = "<group>"; };
		30C2B0C11D226A0B003DA1DF /* Info.plist */ = {isa = PBXFileReference; lastKnownFileType = text.plist.xml; path = Info.plist; sourceTree = "<group>"; };
		30C2B0C81D226DF0003DA1DF /* AppDelegate.h */ = {isa = PBXFileReference; fileEncoding = 4; lastKnownFileType = sourcecode.c.h; path = AppDelegate.h; sourceTree = "<group>"; };
		30C2B0C91D226DF0003DA1DF /* AppDelegate.m */ = {isa = PBXFileReference; fileEncoding = 4; lastKnownFileType = sourcecode.c.objc; path = AppDelegate.m; sourceTree = "<group>"; };
		30C2B0CE1D227370003DA1DF /* DeviceTypes.h */ = {isa = PBXFileReference; fileEncoding = 4; lastKnownFileType = sourcecode.c.h; path = DeviceTypes.h; sourceTree = "<group>"; };
		30C2B0CF1D227370003DA1DF /* DeviceTypes.m */ = {isa = PBXFileReference; fileEncoding = 4; lastKnownFileType = sourcecode.c.objc; path = DeviceTypes.m; sourceTree = "<group>"; };
/* End PBXFileReference section */

/* Begin PBXFrameworksBuildPhase section */
		30C2B0AA1D226A0B003DA1DF /* Frameworks */ = {
			isa = PBXFrameworksBuildPhase;
			buildActionMask = 2147483647;
			files = (
			);
			runOnlyForDeploymentPostprocessing = 0;
		};
/* End PBXFrameworksBuildPhase section */

/* Begin PBXGroup section */
		30C2B0A41D226A0B003DA1DF = {
			isa = PBXGroup;
			children = (
				30C2B0AF1D226A0B003DA1DF /* DeviceType */,
				30C2B0AE1D226A0B003DA1DF /* Products */,
			);
			sourceTree = "<group>";
		};
		30C2B0AE1D226A0B003DA1DF /* Products */ = {
			isa = PBXGroup;
			children = (
				30C2B0AD1D226A0B003DA1DF /* DeviceType.app */,
			);
			name = Products;
			sourceTree = "<group>";
		};
		30C2B0AF1D226A0B003DA1DF /* DeviceType */ = {
			isa = PBXGroup;
			children = (
				30C2B0C71D226DD7003DA1DF /* Application */,
				30C2B0CB1D226F4E003DA1DF /* UI */,
				30C2B0CD1D2270FB003DA1DF /* Utils */,
				30C2B0BC1D226A0B003DA1DF /* Assets.xcassets */,
				30C2B0C11D226A0B003DA1DF /* Info.plist */,
				30C2B0B01D226A0B003DA1DF /* Supporting Files */,
			);
			path = DeviceType;
			sourceTree = "<group>";
		};
		30C2B0B01D226A0B003DA1DF /* Supporting Files */ = {
			isa = PBXGroup;
			children = (
				30C2B0B11D226A0B003DA1DF /* main.m */,
			);
			name = "Supporting Files";
			sourceTree = "<group>";
		};
		30C2B0C71D226DD7003DA1DF /* Application */ = {
			isa = PBXGroup;
			children = (
				30C2B0C81D226DF0003DA1DF /* AppDelegate.h */,
				30C2B0C91D226DF0003DA1DF /* AppDelegate.m */,
			);
			path = Application;
			sourceTree = "<group>";
		};
		30C2B0CB1D226F4E003DA1DF /* UI */ = {
			isa = PBXGroup;
			children = (
				30C2B0B91D226A0B003DA1DF /* Main.storyboard */,
				30C2B0BE1D226A0B003DA1DF /* LaunchScreen.storyboard */,
				30C2B0CC1D226F5B003DA1DF /* Controllers */,
			);
			path = UI;
			sourceTree = "<group>";
		};
		30C2B0CC1D226F5B003DA1DF /* Controllers */ = {
			isa = PBXGroup;
			children = (
				30C2B0B61D226A0B003DA1DF /* ViewController.h */,
				30C2B0B71D226A0B003DA1DF /* ViewController.m */,
			);
			path = Controllers;
			sourceTree = "<group>";
		};
		30C2B0CD1D2270FB003DA1DF /* Utils */ = {
			isa = PBXGroup;
			children = (
				30C2B0CE1D227370003DA1DF /* DeviceTypes.h */,
				30C2B0CF1D227370003DA1DF /* DeviceTypes.m */,
			);
			path = Utils;
			sourceTree = "<group>";
		};
/* End PBXGroup section */

/* Begin PBXNativeTarget section */
		30C2B0AC1D226A0B003DA1DF /* DeviceType */ = {
			isa = PBXNativeTarget;
			buildConfigurationList = 30C2B0C41D226A0B003DA1DF /* Build configuration list for PBXNativeTarget "DeviceType" */;
			buildPhases = (
				30C2B0A91D226A0B003DA1DF /* Sources */,
				30C2B0AA1D226A0B003DA1DF /* Frameworks */,
				30C2B0AB1D226A0B003DA1DF /* Resources */,
			);
			buildRules = (
			);
			dependencies = (
			);
			name = DeviceType;
			productName = DeviceType;
			productReference = 30C2B0AD1D226A0B003DA1DF /* DeviceType.app */;
			productType = "com.apple.product-type.application";
		};
/* End PBXNativeTarget section */

/* Begin PBXProject section */
		30C2B0A51D226A0B003DA1DF /* Project object */ = {
			isa = PBXProject;
			attributes = {
				LastUpgradeCheck = 0730;
				ORGANIZATIONNAME = "Kasun Randika";
				TargetAttributes = {
					30C2B0AC1D226A0B003DA1DF = {
						CreatedOnToolsVersion = 7.3;
					};
				};
			};
			buildConfigurationList = 30C2B0A81D226A0B003DA1DF /* Build configuration list for PBXProject "DeviceType" */;
			compatibilityVersion = "Xcode 3.2";
			developmentRegion = English;
			hasScannedForEncodings = 0;
			knownRegions = (
				en,
				Base,
			);
			mainGroup = 30C2B0A41D226A0B003DA1DF;
			productRefGroup = 30C2B0AE1D226A0B003DA1DF /* Products */;
			projectDirPath = "";
			projectRoot = "";
			targets = (
				30C2B0AC1D226A0B003DA1DF /* DeviceType */,
			);
		};
/* End PBXProject section */

/* Begin PBXResourcesBuildPhase section */
		30C2B0AB1D226A0B003DA1DF /* Resources */ = {
			isa = PBXResourcesBuildPhase;
			buildActionMask = 2147483647;
			files = (
				30C2B0C01D226A0B003DA1DF /* LaunchScreen.storyboard in Resources */,
				30C2B0BD1D226A0B003DA1DF /* Assets.xcassets in Resources */,
				30C2B0BB1D226A0B003DA1DF /* Main.storyboard in Resources */,
			);
			runOnlyForDeploymentPostprocessing = 0;
		};
/* End PBXResourcesBuildPhase section */

/* Begin PBXSourcesBuildPhase section */
		30C2B0A91D226A0B003DA1DF /* Sources */ = {
			isa = PBXSourcesBuildPhase;
			buildActionMask = 2147483647;
			files = (
				30C2B0B81D226A0B003DA1DF /* ViewController.m in Sources */,
				30C2B0D01D227370003DA1DF /* DeviceTypes.m in Sources */,
				30C2B0B21D226A0B003DA1DF /* main.m in Sources */,
				30C2B0CA1D226DF0003DA1DF /* AppDelegate.m in Sources */,
			);
			runOnlyForDeploymentPostprocessing = 0;
		};
/* End PBXSourcesBuildPhase section */

/* Begin PBXVariantGroup section */
		30C2B0B91D226A0B003DA1DF /* Main.storyboard */ = {
			isa = PBXVariantGroup;
			children = (
				30C2B0BA1D226A0B003DA1DF /* Base */,
			);
			name = Main.storyboard;
			sourceTree = "<group>";
		};
		30C2B0BE1D226A0B003DA1DF /* LaunchScreen.storyboard */ = {
			isa = PBXVariantGroup;
			children = (
				30C2B0BF1D226A0B003DA1DF /* Base */,
			);
			name = LaunchScreen.storyboard;
			sourceTree = "<group>";
		};
/* End PBXVariantGroup section */

/* Begin XCBuildConfiguration section */
		30C2B0C21D226A0B003DA1DF /* Debug */ = {
			isa = XCBuildConfiguration;
			buildSettings = {
				ALWAYS_SEARCH_USER_PATHS = NO;
				CLANG_ANALYZER_NONNULL = YES;
				CLANG_CXX_LANGUAGE_STANDARD = "gnu++0x";
				CLANG_CXX_LIBRARY = "libc++";
				CLANG_ENABLE_MODULES = YES;
				CLANG_ENABLE_OBJC_ARC = YES;
				CLANG_WARN_BOOL_CONVERSION = YES;
				CLANG_WARN_CONSTANT_CONVERSION = YES;
				CLANG_WARN_DIRECT_OBJC_ISA_USAGE = YES_ERROR;
				CLANG_WARN_EMPTY_BODY = YES;
				CLANG_WARN_ENUM_CONVERSION = YES;
				CLANG_WARN_INT_CONVERSION = YES;
				CLANG_WARN_OBJC_ROOT_CLASS = YES_ERROR;
				CLANG_WARN_UNREACHABLE_CODE = YES;
				CLANG_WARN__DUPLICATE_METHOD_MATCH = YES;
				"CODE_SIGN_IDENTITY[sdk=iphoneos*]" = "iPhone Developer";
				COPY_PHASE_STRIP = NO;
				DEBUG_INFORMATION_FORMAT = dwarf;
				ENABLE_STRICT_OBJC_MSGSEND = YES;
				ENABLE_TESTABILITY = YES;
				GCC_C_LANGUAGE_STANDARD = gnu99;
				GCC_DYNAMIC_NO_PIC = NO;
				GCC_NO_COMMON_BLOCKS = YES;
				GCC_OPTIMIZATION_LEVEL = 0;
				GCC_PREPROCESSOR_DEFINITIONS = (
					"DEBUG=1",
					"$(inherited)",
				);
				GCC_WARN_64_TO_32_BIT_CONVERSION = YES;
				GCC_WARN_ABOUT_RETURN_TYPE = YES_ERROR;
				GCC_WARN_UNDECLARED_SELECTOR = YES;
				GCC_WARN_UNINITIALIZED_AUTOS = YES_AGGRESSIVE;
				GCC_WARN_UNUSED_FUNCTION = YES;
				GCC_WARN_UNUSED_VARIABLE = YES;
				IPHONEOS_DEPLOYMENT_TARGET = 9.3;
				MTL_ENABLE_DEBUG_INFO = YES;
				ONLY_ACTIVE_ARCH = YES;
				SDKROOT = iphoneos;
				TARGETED_DEVICE_FAMILY = "1,2";
			};
			name = Debug;
		};
		30C2B0C31D226A0B003DA1DF /* Release */ = {
			isa = XCBuildConfiguration;
			buildSettings = {
				ALWAYS_SEARCH_USER_PATHS = NO;
				CLANG_ANALYZER_NONNULL = YES;
				CLANG_CXX_LANGUAGE_STANDARD = "gnu++0x";
				CLANG_CXX_LIBRARY = "libc++";
				CLANG_ENABLE_MODULES = YES;
				CLANG_ENABLE_OBJC_ARC = YES;
				CLANG_WARN_BOOL_CONVERSION = YES;
				CLANG_WARN_CONSTANT_CONVERSION = YES;
				CLANG_WARN_DIRECT_OBJC_ISA_USAGE = YES_ERROR;
				CLANG_WARN_EMPTY_BODY = YES;
				CLANG_WARN_ENUM_CONVERSION = YES;
				CLANG_WARN_INT_CONVERSION = YES;
				CLANG_WARN_OBJC_ROOT_CLASS = YES_ERROR;
				CLANG_WARN_UNREACHABLE_CODE = YES;
				CLANG_WARN__DUPLICATE_METHOD_MATCH = YES;
				"CODE_SIGN_IDENTITY[sdk=iphoneos*]" = "iPhone Developer";
				COPY_PHASE_STRIP = NO;
				DEBUG_INFORMATION_FORMAT = "dwarf-with-dsym";
				ENABLE_NS_ASSERTIONS = NO;
				ENABLE_STRICT_OBJC_MSGSEND = YES;
				GCC_C_LANGUAGE_STANDARD = gnu99;
				GCC_NO_COMMON_BLOCKS = YES;
				GCC_WARN_64_TO_32_BIT_CONVERSION = YES;
				GCC_WARN_ABOUT_RETURN_TYPE = YES_ERROR;
				GCC_WARN_UNDECLARED_SELECTOR = YES;
				GCC_WARN_UNINITIALIZED_AUTOS = YES_AGGRESSIVE;
				GCC_WARN_UNUSED_FUNCTION = YES;
				GCC_WARN_UNUSED_VARIABLE = YES;
				IPHONEOS_DEPLOYMENT_TARGET = 9.3;
				MTL_ENABLE_DEBUG_INFO = NO;
				SDKROOT = iphoneos;
				TARGETED_DEVICE_FAMILY = "1,2";
				VALIDATE_PRODUCT = YES;
			};
			name = Release;
		};
		30C2B0C51D226A0B003DA1DF /* Debug */ = {
			isa = XCBuildConfiguration;
			buildSettings = {
				ASSETCATALOG_COMPILER_APPICON_NAME = AppIcon;
				INFOPLIST_FILE = DeviceType/Info.plist;
				LD_RUNPATH_SEARCH_PATHS = "$(inherited) @executable_path/Frameworks";
				PRODUCT_BUNDLE_IDENTIFIER = com.randika.DeviceType;
				PRODUCT_NAME = "$(TARGET_NAME)";
			};
			name = Debug;
		};
		30C2B0C61D226A0B003DA1DF /* Release */ = {
			isa = XCBuildConfiguration;
			buildSettings = {
				ASSETCATALOG_COMPILER_APPICON_NAME = AppIcon;
				INFOPLIST_FILE = DeviceType/Info.plist;
				LD_RUNPATH_SEARCH_PATHS = "$(inherited) @executable_path/Frameworks";
				PRODUCT_BUNDLE_IDENTIFIER = com.randika.DeviceType;
				PRODUCT_NAME = "$(TARGET_NAME)";
			};
			name = Release;
		};
/* End XCBuildConfiguration section */

/* Begin XCConfigurationList section */
		30C2B0A81D226A0B003DA1DF /* Build configuration list for PBXProject "DeviceType" */ = {
			isa = XCConfigurationList;
			buildConfigurations = (
				30C2B0C21D226A0B003DA1DF /* Debug */,
				30C2B0C31D226A0B003DA1DF /* Release */,
			);
			defaultConfigurationIsVisible = 0;
			defaultConfigurationName = Release;
		};
		30C2B0C41D226A0B003DA1DF /* Build configuration list for PBXNativeTarget "DeviceType" */ = {
			isa = XCConfigurationList;
			buildConfigurations = (
				30C2B0C51D226A0B003DA1DF /* Debug */,
				30C2B0C61D226A0B003DA1DF /* Release */,
			);
			defaultConfigurationIsVisible = 0;
		};
/* End XCConfigurationList section */
	};
	rootObject = 30C2B0A51D226A0B003DA1DF /* Project object */;
}
